// !$*UTF8*$!
{
	archiveVersion = 1;
	classes = {
	};
	objectVersion = 50;
	objects = {

/* Begin PBXBuildFile section */
		429CDE5923D910D3003A397C /* AppDelegate.swift in Sources */ = {isa = PBXBuildFile; fileRef = 429CDE5823D910D3003A397C /* AppDelegate.swift */; };
		429CDE5B23D910D3003A397C /* SceneDelegate.swift in Sources */ = {isa = PBXBuildFile; fileRef = 429CDE5A23D910D3003A397C /* SceneDelegate.swift */; };
		429CDE5D23D910D3003A397C /* ViewController.swift in Sources */ = {isa = PBXBuildFile; fileRef = 429CDE5C23D910D3003A397C /* ViewController.swift */; };
		429CDE6023D910D3003A397C /* Main.storyboard in Resources */ = {isa = PBXBuildFile; fileRef = 429CDE5E23D910D3003A397C /* Main.storyboard */; };
		429CDE6223D910D5003A397C /* Assets.xcassets in Resources */ = {isa = PBXBuildFile; fileRef = 429CDE6123D910D5003A397C /* Assets.xcassets */; };
		429CDE6523D910D5003A397C /* LaunchScreen.storyboard in Resources */ = {isa = PBXBuildFile; fileRef = 429CDE6323D910D5003A397C /* LaunchScreen.storyboard */; };
		429CDE7023D910D5003A397C /* Tip_CalculatorTests.swift in Sources */ = {isa = PBXBuildFile; fileRef = 429CDE6F23D910D5003A397C /* Tip_CalculatorTests.swift */; };
		429CDE7B23D910D5003A397C /* Tip_CalculatorUITests.swift in Sources */ = {isa = PBXBuildFile; fileRef = 429CDE7A23D910D5003A397C /* Tip_CalculatorUITests.swift */; };
/* End PBXBuildFile section */

/* Begin PBXContainerItemProxy section */
		429CDE6C23D910D5003A397C /* PBXContainerItemProxy */ = {
			isa = PBXContainerItemProxy;
			containerPortal = 429CDE4D23D910D3003A397C /* Project object */;
			proxyType = 1;
			remoteGlobalIDString = 429CDE5423D910D3003A397C;
			remoteInfo = "Tip Calculator";
		};
		429CDE7723D910D5003A397C /* PBXContainerItemProxy */ = {
			isa = PBXContainerItemProxy;
			containerPortal = 429CDE4D23D910D3003A397C /* Project object */;
			proxyType = 1;
			remoteGlobalIDString = 429CDE5423D910D3003A397C;
			remoteInfo = "Tip Calculator";
		};
/* End PBXContainerItemProxy section */

/* Begin PBXFileReference section */
		429CDE5523D910D3003A397C /* Tip Calculator.app */ = {isa = PBXFileReference; explicitFileType = wrapper.application; includeInIndex = 0; path = "Tip Calculator.app"; sourceTree = BUILT_PRODUCTS_DIR; };
		429CDE5823D910D3003A397C /* AppDelegate.swift */ = {isa = PBXFileReference; lastKnownFileType = sourcecode.swift; path = AppDelegate.swift; sourceTree = "<group>"; };
		429CDE5A23D910D3003A397C /* SceneDelegate.swift */ = {isa = PBXFileReference; lastKnownFileType = sourcecode.swift; path = SceneDelegate.swift; sourceTree = "<group>"; };
		429CDE5C23D910D3003A397C /* ViewController.swift */ = {isa = PBXFileReference; lastKnownFileType = sourcecode.swift; path = ViewController.swift; sourceTree = "<group>"; };
		429CDE5F23D910D3003A397C /* Base */ = {isa = PBXFileReference; lastKnownFileType = file.storyboard; name = Base; path = Base.lproj/Main.storyboard; sourceTree = "<group>"; };
		429CDE6123D910D5003A397C /* Assets.xcassets */ = {isa = PBXFileReference; lastKnownFileType = folder.assetcatalog; path = Assets.xcassets; sourceTree = "<group>"; };
		429CDE6423D910D5003A397C /* Base */ = {isa = PBXFileReference; lastKnownFileType = file.storyboard; name = Base; path = Base.lproj/LaunchScreen.storyboard; sourceTree = "<group>"; };
		429CDE6623D910D5003A397C /* Info.plist */ = {isa = PBXFileReference; lastKnownFileType = text.plist.xml; path = Info.plist; sourceTree = "<group>"; };
		429CDE6B23D910D5003A397C /* Tip CalculatorTests.xctest */ = {isa = PBXFileReference; explicitFileType = wrapper.cfbundle; includeInIndex = 0; path = "Tip CalculatorTests.xctest"; sourceTree = BUILT_PRODUCTS_DIR; };
		429CDE6F23D910D5003A397C /* Tip_CalculatorTests.swift */ = {isa = PBXFileReference; lastKnownFileType = sourcecode.swift; path = Tip_CalculatorTests.swift; sourceTree = "<group>"; };
		429CDE7123D910D5003A397C /* Info.plist */ = {isa = PBXFileReference; lastKnownFileType = text.plist.xml; path = Info.plist; sourceTree = "<group>"; };
		429CDE7623D910D5003A397C /* Tip CalculatorUITests.xctest */ = {isa = PBXFileReference; explicitFileType = wrapper.cfbundle; includeInIndex = 0; path = "Tip CalculatorUITests.xctest"; sourceTree = BUILT_PRODUCTS_DIR; };
		429CDE7A23D910D5003A397C /* Tip_CalculatorUITests.swift */ = {isa = PBXFileReference; lastKnownFileType = sourcecode.swift; path = Tip_CalculatorUITests.swift; sourceTree = "<group>"; };
		429CDE7C23D910D5003A397C /* Info.plist */ = {isa = PBXFileReference; lastKnownFileType = text.plist.xml; path = Info.plist; sourceTree = "<group>"; };
/* End PBXFileReference section */

/* Begin PBXFrameworksBuildPhase section */
		429CDE5223D910D3003A397C /* Frameworks */ = {
			isa = PBXFrameworksBuildPhase;
			buildActionMask = 2147483647;
			files = (
			);
			runOnlyForDeploymentPostprocessing = 0;
		};
		429CDE6823D910D5003A397C /* Frameworks */ = {
			isa = PBXFrameworksBuildPhase;
			buildActionMask = 2147483647;
			files = (
			);
			runOnlyForDeploymentPostprocessing = 0;
		};
		429CDE7323D910D5003A397C /* Frameworks */ = {
			isa = PBXFrameworksBuildPhase;
			buildActionMask = 2147483647;
			files = (
			);
			runOnlyForDeploymentPostprocessing = 0;
		};
/* End PBXFrameworksBuildPhase section */

/* Begin PBXGroup section */
		429CDE4C23D910D3003A397C = {
			isa = PBXGroup;
			children = (
				429CDE5723D910D3003A397C /* Tip Calculator */,
				429CDE6E23D910D5003A397C /* Tip CalculatorTests */,
				429CDE7923D910D5003A397C /* Tip CalculatorUITests */,
				429CDE5623D910D3003A397C /* Products */,
			);
			sourceTree = "<group>";
		};
		429CDE5623D910D3003A397C /* Products */ = {
			isa = PBXGroup;
			children = (
				429CDE5523D910D3003A397C /* Tip Calculator.app */,
				429CDE6B23D910D5003A397C /* Tip CalculatorTests.xctest */,
				429CDE7623D910D5003A397C /* Tip CalculatorUITests.xctest */,
			);
			name = Products;
			sourceTree = "<group>";
		};
		429CDE5723D910D3003A397C /* Tip Calculator */ = {
			isa = PBXGroup;
			children = (
				429CDE5823D910D3003A397C /* AppDelegate.swift */,
				429CDE5A23D910D3003A397C /* SceneDelegate.swift */,
				429CDE5C23D910D3003A397C /* ViewController.swift */,
				429CDE5E23D910D3003A397C /* Main.storyboard */,
				429CDE6123D910D5003A397C /* Assets.xcassets */,
				429CDE6323D910D5003A397C /* LaunchScreen.storyboard */,
				429CDE6623D910D5003A397C /* Info.plist */,
			);
			path = "Tip Calculator";
			sourceTree = "<group>";
		};
		429CDE6E23D910D5003A397C /* Tip CalculatorTests */ = {
			isa = PBXGroup;
			children = (
				429CDE6F23D910D5003A397C /* Tip_CalculatorTests.swift */,
				429CDE7123D910D5003A397C /* Info.plist */,
			);
			path = "Tip CalculatorTests";
			sourceTree = "<group>";
		};
		429CDE7923D910D5003A397C /* Tip CalculatorUITests */ = {
			isa = PBXGroup;
			children = (
				429CDE7A23D910D5003A397C /* Tip_CalculatorUITests.swift */,
				429CDE7C23D910D5003A397C /* Info.plist */,
			);
			path = "Tip CalculatorUITests";
			sourceTree = "<group>";
		};
/* End PBXGroup section */

/* Begin PBXNativeTarget section */
		429CDE5423D910D3003A397C /* Tip Calculator */ = {
			isa = PBXNativeTarget;
			buildConfigurationList = 429CDE7F23D910D5003A397C /* Build configuration list for PBXNativeTarget "Tip Calculator" */;
			buildPhases = (
				429CDE5123D910D3003A397C /* Sources */,
				429CDE5223D910D3003A397C /* Frameworks */,
				429CDE5323D910D3003A397C /* Resources */,
			);
			buildRules = (
			);
			dependencies = (
			);
			name = "Tip Calculator";
			productName = "Tip Calculator";
			productReference = 429CDE5523D910D3003A397C /* Tip Calculator.app */;
			productType = "com.apple.product-type.application";
		};
		429CDE6A23D910D5003A397C /* Tip CalculatorTests */ = {
			isa = PBXNativeTarget;
			buildConfigurationList = 429CDE8223D910D5003A397C /* Build configuration list for PBXNativeTarget "Tip CalculatorTests" */;
			buildPhases = (
				429CDE6723D910D5003A397C /* Sources */,
				429CDE6823D910D5003A397C /* Frameworks */,
				429CDE6923D910D5003A397C /* Resources */,
			);
			buildRules = (
			);
			dependencies = (
				429CDE6D23D910D5003A397C /* PBXTargetDependency */,
			);
			name = "Tip CalculatorTests";
			productName = "Tip CalculatorTests";
			productReference = 429CDE6B23D910D5003A397C /* Tip CalculatorTests.xctest */;
			productType = "com.apple.product-type.bundle.unit-test";
		};
		429CDE7523D910D5003A397C /* Tip CalculatorUITests */ = {
			isa = PBXNativeTarget;
			buildConfigurationList = 429CDE8523D910D5003A397C /* Build configuration list for PBXNativeTarget "Tip CalculatorUITests" */;
			buildPhases = (
				429CDE7223D910D5003A397C /* Sources */,
				429CDE7323D910D5003A397C /* Frameworks */,
				429CDE7423D910D5003A397C /* Resources */,
			);
			buildRules = (
			);
			dependencies = (
				429CDE7823D910D5003A397C /* PBXTargetDependency */,
			);
			name = "Tip CalculatorUITests";
			productName = "Tip CalculatorUITests";
			productReference = 429CDE7623D910D5003A397C /* Tip CalculatorUITests.xctest */;
			productType = "com.apple.product-type.bundle.ui-testing";
		};
/* End PBXNativeTarget section */

/* Begin PBXProject section */
		429CDE4D23D910D3003A397C /* Project object */ = {
			isa = PBXProject;
			attributes = {
				LastSwiftUpdateCheck = 1130;
				LastUpgradeCheck = 1130;
				ORGANIZATIONNAME = Codepath;
				TargetAttributes = {
					429CDE5423D910D3003A397C = {
						CreatedOnToolsVersion = 11.3.1;
					};
					429CDE6A23D910D5003A397C = {
						CreatedOnToolsVersion = 11.3.1;
						TestTargetID = 429CDE5423D910D3003A397C;
					};
					429CDE7523D910D5003A397C = {
						CreatedOnToolsVersion = 11.3.1;
						TestTargetID = 429CDE5423D910D3003A397C;
					};
				};
			};
			buildConfigurationList = 429CDE5023D910D3003A397C /* Build configuration list for PBXProject "Tip Calculator" */;
			compatibilityVersion = "Xcode 9.3";
			developmentRegion = en;
			hasScannedForEncodings = 0;
			knownRegions = (
				en,
				Base,
			);
			mainGroup = 429CDE4C23D910D3003A397C;
			productRefGroup = 429CDE5623D910D3003A397C /* Products */;
			projectDirPath = "";
			projectRoot = "";
			targets = (
				429CDE5423D910D3003A397C /* Tip Calculator */,
				429CDE6A23D910D5003A397C /* Tip CalculatorTests */,
				429CDE7523D910D5003A397C /* Tip CalculatorUITests */,
			);
		};
/* End PBXProject section */

/* Begin PBXResourcesBuildPhase section */
		429CDE5323D910D3003A397C /* Resources */ = {
			isa = PBXResourcesBuildPhase;
			buildActionMask = 2147483647;
			files = (
				429CDE6523D910D5003A397C /* LaunchScreen.storyboard in Resources */,
				429CDE6223D910D5003A397C /* Assets.xcassets in Resources */,
				429CDE6023D910D3003A397C /* Main.storyboard in Resources */,
			);
			runOnlyForDeploymentPostprocessing = 0;
		};
		429CDE6923D910D5003A397C /* Resources */ = {
			isa = PBXResourcesBuildPhase;
			buildActionMask = 2147483647;
			files = (
			);
			runOnlyForDeploymentPostprocessing = 0;
		};
		429CDE7423D910D5003A397C /* Resources */ = {
			isa = PBXResourcesBuildPhase;
			buildActionMask = 2147483647;
			files = (
			);
			runOnlyForDeploymentPostprocessing = 0;
		};
/* End PBXResourcesBuildPhase section */

/* Begin PBXSourcesBuildPhase section */
		429CDE5123D910D3003A397C /* Sources */ = {
			isa = PBXSourcesBuildPhase;
			buildActionMask = 2147483647;
			files = (
				429CDE5D23D910D3003A397C /* ViewController.swift in Sources */,
				429CDE5923D910D3003A397C /* AppDelegate.swift in Sources */,
				429CDE5B23D910D3003A397C /* SceneDelegate.swift in Sources */,
			);
			runOnlyForDeploymentPostprocessing = 0;
		};
		429CDE6723D910D5003A397C /* Sources */ = {
			isa = PBXSourcesBuildPhase;
			buildActionMask = 2147483647;
			files = (
				429CDE7023D910D5003A397C /* Tip_CalculatorTests.swift in Sources */,
			);
			runOnlyForDeploymentPostprocessing = 0;
		};
		429CDE7223D910D5003A397C /* Sources */ = {
			isa = PBXSourcesBuildPhase;
			buildActionMask = 2147483647;
			files = (
				429CDE7B23D910D5003A397C /* Tip_CalculatorUITests.swift in Sources */,
			);
			runOnlyForDeploymentPostprocessing = 0;
		};
/* End PBXSourcesBuildPhase section */

/* Begin PBXTargetDependency section */
		429CDE6D23D910D5003A397C /* PBXTargetDependency */ = {
			isa = PBXTargetDependency;
			target = 429CDE5423D910D3003A397C /* Tip Calculator */;
			targetProxy = 429CDE6C23D910D5003A397C /* PBXContainerItemProxy */;
		};
		429CDE7823D910D5003A397C /* PBXTargetDependency */ = {
			isa = PBXTargetDependency;
			target = 429CDE5423D910D3003A397C /* Tip Calculator */;
			targetProxy = 429CDE7723D910D5003A397C /* PBXContainerItemProxy */;
		};
/* End PBXTargetDependency section */

/* Begin PBXVariantGroup section */
		429CDE5E23D910D3003A397C /* Main.storyboard */ = {
			isa = PBXVariantGroup;
			children = (
				429CDE5F23D910D3003A397C /* Base */,
			);
			name = Main.storyboard;
			sourceTree = "<group>";
		};
		429CDE6323D910D5003A397C /* LaunchScreen.storyboard */ = {
			isa = PBXVariantGroup;
			children = (
				429CDE6423D910D5003A397C /* Base */,
			);
			name = LaunchScreen.storyboard;
			sourceTree = "<group>";
		};
/* End PBXVariantGroup section */

/* Begin XCBuildConfiguration section */
		429CDE7D23D910D5003A397C /* Debug */ = {
			isa = XCBuildConfiguration;
			buildSettings = {
				ALWAYS_SEARCH_USER_PATHS = NO;
				CLANG_ANALYZER_NONNULL = YES;
				CLANG_ANALYZER_NUMBER_OBJECT_CONVERSION = YES_AGGRESSIVE;
				CLANG_CXX_LANGUAGE_STANDARD = "gnu++14";
				CLANG_CXX_LIBRARY = "libc++";
				CLANG_ENABLE_MODULES = YES;
				CLANG_ENABLE_OBJC_ARC = YES;
				CLANG_ENABLE_OBJC_WEAK = YES;
				CLANG_WARN_BLOCK_CAPTURE_AUTORELEASING = YES;
				CLANG_WARN_BOOL_CONVERSION = YES;
				CLANG_WARN_COMMA = YES;
				CLANG_WARN_CONSTANT_CONVERSION = YES;
				CLANG_WARN_DEPRECATED_OBJC_IMPLEMENTATIONS = YES;
				CLANG_WARN_DIRECT_OBJC_ISA_USAGE = YES_ERROR;
				CLANG_WARN_DOCUMENTATION_COMMENTS = YES;
				CLANG_WARN_EMPTY_BODY = YES;
				CLANG_WARN_ENUM_CONVERSION = YES;
				CLANG_WARN_INFINITE_RECURSION = YES;
				CLANG_WARN_INT_CONVERSION = YES;
				CLANG_WARN_NON_LITERAL_NULL_CONVERSION = YES;
				CLANG_WARN_OBJC_IMPLICIT_RETAIN_SELF = YES;
				CLANG_WARN_OBJC_LITERAL_CONVERSION = YES;
				CLANG_WARN_OBJC_ROOT_CLASS = YES_ERROR;
				CLANG_WARN_RANGE_LOOP_ANALYSIS = YES;
				CLANG_WARN_STRICT_PROTOTYPES = YES;
				CLANG_WARN_SUSPICIOUS_MOVE = YES;
				CLANG_WARN_UNGUARDED_AVAILABILITY = YES_AGGRESSIVE;
				CLANG_WARN_UNREACHABLE_CODE = YES;
				CLANG_WARN__DUPLICATE_METHOD_MATCH = YES;
				COPY_PHASE_STRIP = NO;
				DEBUG_INFORMATION_FORMAT = dwarf;
				ENABLE_STRICT_OBJC_MSGSEND = YES;
				ENABLE_TESTABILITY = YES;
				GCC_C_LANGUAGE_STANDARD = gnu11;
				GCC_DYNAMIC_NO_PIC = NO;
				GCC_NO_COMMON_BLOCKS = YES;
				GCC_OPTIMIZATION_LEVEL = 0;
				GCC_PREPROCESSOR_DEFINITIONS = (
					"DEBUG=1",
					"$(inherited)",
				);
				GCC_WARN_64_TO_32_BIT_CONVERSION = YES;
				GCC_WARN_ABOUT_RETURN_TYPE = YES_ERROR;
				GCC_WARN_UNDECLARED_SELECTOR = YES;
				GCC_WARN_UNINITIALIZED_AUTOS = YES_AGGRESSIVE;
				GCC_WARN_UNUSED_FUNCTION = YES;
				GCC_WARN_UNUSED_VARIABLE = YES;
				IPHONEOS_DEPLOYMENT_TARGET = 13.2;
				MTL_ENABLE_DEBUG_INFO = INCLUDE_SOURCE;
				MTL_FAST_MATH = YES;
				ONLY_ACTIVE_ARCH = YES;
				SDKROOT = iphoneos;
				SWIFT_ACTIVE_COMPILATION_CONDITIONS = DEBUG;
				SWIFT_OPTIMIZATION_LEVEL = "-Onone";
			};
			name = Debug;
		};
		429CDE7E23D910D5003A397C /* Release */ = {
			isa = XCBuildConfiguration;
			buildSettings = {
				ALWAYS_SEARCH_USER_PATHS = NO;
				CLANG_ANALYZER_NONNULL = YES;
				CLANG_ANALYZER_NUMBER_OBJECT_CONVERSION = YES_AGGRESSIVE;
				CLANG_CXX_LANGUAGE_STANDARD = "gnu++14";
				CLANG_CXX_LIBRARY = "libc++";
				CLANG_ENABLE_MODULES = YES;
				CLANG_ENABLE_OBJC_ARC = YES;
				CLANG_ENABLE_OBJC_WEAK = YES;
				CLANG_WARN_BLOCK_CAPTURE_AUTORELEASING = YES;
				CLANG_WARN_BOOL_CONVERSION = YES;
				CLANG_WARN_COMMA = YES;
				CLANG_WARN_CONSTANT_CONVERSION = YES;
				CLANG_WARN_DEPRECATED_OBJC_IMPLEMENTATIONS = YES;
				CLANG_WARN_DIRECT_OBJC_ISA_USAGE = YES_ERROR;
				CLANG_WARN_DOCUMENTATION_COMMENTS = YES;
				CLANG_WARN_EMPTY_BODY = YES;
				CLANG_WARN_ENUM_CONVERSION = YES;
				CLANG_WARN_INFINITE_RECURSION = YES;
				CLANG_WARN_INT_CONVERSION = YES;
				CLANG_WARN_NON_LITERAL_NULL_CONVERSION = YES;
				CLANG_WARN_OBJC_IMPLICIT_RETAIN_SELF = YES;
				CLANG_WARN_OBJC_LITERAL_CONVERSION = YES;
				CLANG_WARN_OBJC_ROOT_CLASS = YES_ERROR;
				CLANG_WARN_RANGE_LOOP_ANALYSIS = YES;
				CLANG_WARN_STRICT_PROTOTYPES = YES;
				CLANG_WARN_SUSPICIOUS_MOVE = YES;
				CLANG_WARN_UNGUARDED_AVAILABILITY = YES_AGGRESSIVE;
				CLANG_WARN_UNREACHABLE_CODE = YES;
				CLANG_WARN__DUPLICATE_METHOD_MATCH = YES;
				COPY_PHASE_STRIP = NO;
				DEBUG_INFORMATION_FORMAT = "dwarf-with-dsym";
				ENABLE_NS_ASSERTIONS = NO;
				ENABLE_STRICT_OBJC_MSGSEND = YES;
				GCC_C_LANGUAGE_STANDARD = gnu11;
				GCC_NO_COMMON_BLOCKS = YES;
				GCC_WARN_64_TO_32_BIT_CONVERSION = YES;
				GCC_WARN_ABOUT_RETURN_TYPE = YES_ERROR;
				GCC_WARN_UNDECLARED_SELECTOR = YES;
				GCC_WARN_UNINITIALIZED_AUTOS = YES_AGGRESSIVE;
				GCC_WARN_UNUSED_FUNCTION = YES;
				GCC_WARN_UNUSED_VARIABLE = YES;
				IPHONEOS_DEPLOYMENT_TARGET = 13.2;
				MTL_ENABLE_DEBUG_INFO = NO;
				MTL_FAST_MATH = YES;
				SDKROOT = iphoneos;
				SWIFT_COMPILATION_MODE = wholemodule;
				SWIFT_OPTIMIZATION_LEVEL = "-O";
				VALIDATE_PRODUCT = YES;
			};
			name = Release;
		};
		429CDE8023D910D5003A397C /* Debug */ = {
			isa = XCBuildConfiguration;
			buildSettings = {
				ASSETCATALOG_COMPILER_APPICON_NAME = AppIcon;
				CODE_SIGN_STYLE = Automatic;
				INFOPLIST_FILE = "Tip Calculator/Info.plist";
				LD_RUNPATH_SEARCH_PATHS = (
					"$(inherited)",
					"@executable_path/Frameworks",
				);
				PRODUCT_BUNDLE_IDENTIFIER = "com.codepath.Tip-Calculator";
				PRODUCT_NAME = "$(TARGET_NAME)";
				SWIFT_VERSION = 5.0;
				TARGETED_DEVICE_FAMILY = "1,2";
			};
			name = Debug;
		};
		429CDE8123D910D5003A397C /* Release */ = {
			isa = XCBuildConfiguration;
			buildSettings = {
				ASSETCATALOG_COMPILER_APPICON_NAME = AppIcon;
				CODE_SIGN_STYLE = Automatic;
				INFOPLIST_FILE = "Tip Calculator/Info.plist";
				LD_RUNPATH_SEARCH_PATHS = (
					"$(inherited)",
					"@executable_path/Frameworks",
				);
				PRODUCT_BUNDLE_IDENTIFIER = "com.codepath.Tip-Calculator";
				PRODUCT_NAME = "$(TARGET_NAME)";
				SWIFT_VERSION = 5.0;
				TARGETED_DEVICE_FAMILY = "1,2";
			};
			name = Release;
		};
		429CDE8323D910D5003A397C /* Debug */ = {
			isa = XCBuildConfiguration;
			buildSettings = {
				ALWAYS_EMBED_SWIFT_STANDARD_LIBRARIES = YES;
				BUNDLE_LOADER = "$(TEST_HOST)";
				CODE_SIGN_STYLE = Automatic;
				INFOPLIST_FILE = "Tip CalculatorTests/Info.plist";
				IPHONEOS_DEPLOYMENT_TARGET = 13.2;
				LD_RUNPATH_SEARCH_PATHS = (
					"$(inherited)",
					"@executable_path/Frameworks",
					"@loader_path/Frameworks",
				);
				PRODUCT_BUNDLE_IDENTIFIER = "com.codepath.Tip-CalculatorTests";
				PRODUCT_NAME = "$(TARGET_NAME)";
				SWIFT_VERSION = 5.0;
				TARGETED_DEVICE_FAMILY = "1,2";
				TEST_HOST = "$(BUILT_PRODUCTS_DIR)/Tip Calculator.app/Tip Calculator";
			};
			name = Debug;
		};
		429CDE8423D910D5003A397C /* Release */ = {
			isa = XCBuildConfiguration;
			buildSettings = {
				ALWAYS_EMBED_SWIFT_STANDARD_LIBRARIES = YES;
				BUNDLE_LOADER = "$(TEST_HOST)";
				CODE_SIGN_STYLE = Automatic;
				INFOPLIST_FILE = "Tip CalculatorTests/Info.plist";
				IPHONEOS_DEPLOYMENT_TARGET = 13.2;
				LD_RUNPATH_SEARCH_PATHS = (
					"$(inherited)",
					"@executable_path/Frameworks",
					"@loader_path/Frameworks",
				);
				PRODUCT_BUNDLE_IDENTIFIER = "com.codepath.Tip-CalculatorTests";
				PRODUCT_NAME = "$(TARGET_NAME)";
				SWIFT_VERSION = 5.0;
				TARGETED_DEVICE_FAMILY = "1,2";
				TEST_HOST = "$(BUILT_PRODUCTS_DIR)/Tip Calculator.app/Tip Calculator";
			};
			name = Release;
		};
		429CDE8623D910D5003A397C /* Debug */ = {
			isa = XCBuildConfiguration;
			buildSettings = {
				ALWAYS_EMBED_SWIFT_STANDARD_LIBRARIES = YES;
				CODE_SIGN_STYLE = Automatic;
				INFOPLIST_FILE = "Tip CalculatorUITests/Info.plist";
				LD_RUNPATH_SEARCH_PATHS = (
					"$(inherited)",
					"@executable_path/Frameworks",
					"@loader_path/Frameworks",
				);
				PRODUCT_BUNDLE_IDENTIFIER = "com.codepath.Tip-CalculatorUITests";
				PRODUCT_NAME = "$(TARGET_NAME)";
				SWIFT_VERSION = 5.0;
				TARGETED_DEVICE_FAMILY = "1,2";
				TEST_TARGET_NAME = "Tip Calculator";
			};
			name = Debug;
		};
		429CDE8723D910D5003A397C /* Release */ = {
			isa = XCBuildConfiguration;
			buildSettings = {
				ALWAYS_EMBED_SWIFT_STANDARD_LIBRARIES = YES;
				CODE_SIGN_STYLE = Automatic;
				INFOPLIST_FILE = "Tip CalculatorUITests/Info.plist";
				LD_RUNPATH_SEARCH_PATHS = (
					"$(inherited)",
					"@executable_path/Frameworks",
					"@loader_path/Frameworks",
				);
				PRODUCT_BUNDLE_IDENTIFIER = "com.codepath.Tip-CalculatorUITests";
				PRODUCT_NAME = "$(TARGET_NAME)";
				SWIFT_VERSION = 5.0;
				TARGETED_DEVICE_FAMILY = "1,2";
				TEST_TARGET_NAME = "Tip Calculator";
			};
			name = Release;
		};
/* End XCBuildConfiguration section */

/* Begin XCConfigurationList section */
		429CDE5023D910D3003A397C /* Build configuration list for PBXProject "Tip Calculator" */ = {
			isa = XCConfigurationList;
			buildConfigurations = (
				429CDE7D23D910D5003A397C /* Debug */,
				429CDE7E23D910D5003A397C /* Release */,
			);
			defaultConfigurationIsVisible = 0;
			defaultConfigurationName = Release;
		};
		429CDE7F23D910D5003A397C /* Build configuration list for PBXNativeTarget "Tip Calculator" */ = {
			isa = XCConfigurationList;
			buildConfigurations = (
				429CDE8023D910D5003A397C /* Debug */,
				429CDE8123D910D5003A397C /* Release */,
			);
			defaultConfigurationIsVisible = 0;
			defaultConfigurationName = Release;
		};
		429CDE8223D910D5003A397C /* Build configuration list for PBXNativeTarget "Tip CalculatorTests" */ = {
			isa = XCConfigurationList;
			buildConfigurations = (
				429CDE8323D910D5003A397C /* Debug */,
				429CDE8423D910D5003A397C /* Release */,
			);
			defaultConfigurationIsVisible = 0;
			defaultConfigurationName = Release;
		};
		429CDE8523D910D5003A397C /* Build configuration list for PBXNativeTarget "Tip CalculatorUITests" */ = {
			isa = XCConfigurationList;
			buildConfigurations = (
				429CDE8623D910D5003A397C /* Debug */,
				429CDE8723D910D5003A397C /* Release */,
			);
			defaultConfigurationIsVisible = 0;
			defaultConfigurationName = Release;
		};
/* End XCConfigurationList section */
	};
	rootObject = 429CDE4D23D910D3003A397C /* Project object */;
}
